
Microsoft Visual Studio Solution File, Format Version 12.00
# Visual Studio Version 16
VisualStudioVersion = 16.0.30128.74
MinimumVisualStudioVersion = 10.0.40219.1
Project("{9A19103F-16F7-4668-BE54-9A1E7A4F7556}") = "MiddleEducationPlan.Web", "MiddleEducationPlan\MiddleEducationPlan.Web.csproj", "{0DF49DD4-062E-45CA-82E9-B8D25730AEDB}"
EndProject
Project("{FAE04EC0-301F-11D3-BF4B-00C04F79EFBC}") = "MiddleEducationPlan.Common", "MiddleEducationPlan.Common\MiddleEducationPlan.Common.csproj", "{8FC3F3FE-65B8-4CC4-8C39-AB1E7BC6B869}"
EndProject
Global
	GlobalSection(SolutionConfigurationPlatforms) = preSolution
		Debug|Any CPU = Debug|Any CPU
		Release|Any CPU = Release|Any CPU
	EndGlobalSection
	GlobalSection(ProjectConfigurationPlatforms) = postSolution
		{0DF49DD4-062E-45CA-82E9-B8D25730AEDB}.Debug|Any CPU.ActiveCfg = Debug|Any CPU
		{0DF49DD4-062E-45CA-82E9-B8D25730AEDB}.Debug|Any CPU.Build.0 = Debug|Any CPU
		{0DF49DD4-062E-45CA-82E9-B8D25730AEDB}.Release|Any CPU.ActiveCfg = Release|Any CPU
		{0DF49DD4-062E-45CA-82E9-B8D25730AEDB}.Release|Any CPU.Build.0 = Release|Any CPU
		{8FC3F3FE-65B8-4CC4-8C39-AB1E7BC6B869}.Debug|Any CPU.ActiveCfg = Debug|Any CPU
		{8FC3F3FE-65B8-4CC4-8C39-AB1E7BC6B869}.Debug|Any CPU.Build.0 = Debug|Any CPU
		{8FC3F3FE-65B8-4CC4-8C39-AB1E7BC6B869}.Release|Any CPU.ActiveCfg = Release|Any CPU
		{8FC3F3FE-65B8-4CC4-8C39-AB1E7BC6B869}.Release|Any CPU.Build.0 = Release|Any CPU
	EndGlobalSection
	GlobalSection(SolutionProperties) = preSolution
		HideSolutionNode = FALSE
	EndGlobalSection
	GlobalSection(ExtensibilityGlobals) = postSolution
		SolutionGuid = {73C3D36D-7653-487C-A7F4-7FBD096BA4EB}
	EndGlobalSection
EndGlobal
